
Microsoft Visual Studio Solution File, Format Version 12.00
# Visual Studio Version 17
VisualStudioVersion = 17.8.34330.188
MinimumVisualStudioVersion = 10.0.40219.1
Project("{FAE04EC0-301F-11D3-BF4B-00C04F79EFBC}") = "Blog.Api", "Blog.Api\Blog.Api.csproj", "{173FB108-C837-49A8-8B81-4BBEDC2F487D}"
EndProject
Global
	GlobalSection(SolutionConfigurationPlatforms) = preSolution
		Debug|Any CPU = Debug|Any CPU
		Release|Any CPU = Release|Any CPU
	EndGlobalSection
	GlobalSection(ProjectConfigurationPlatforms) = postSolution
		{173FB108-C837-49A8-8B81-4BBEDC2F487D}.Debug|Any CPU.ActiveCfg = Debug|Any CPU
		{173FB108-C837-49A8-8B81-4BBEDC2F487D}.Debug|Any CPU.Build.0 = Debug|Any CPU
		{173FB108-C837-49A8-8B81-4BBEDC2F487D}.Release|Any CPU.ActiveCfg = Release|Any CPU
		{173FB108-C837-49A8-8B81-4BBEDC2F487D}.Release|Any CPU.Build.0 = Release|Any CPU
	EndGlobalSection
	GlobalSection(SolutionProperties) = preSolution
		HideSolutionNode = FALSE
	EndGlobalSection
	GlobalSection(ExtensibilityGlobals) = postSolution
		SolutionGuid = {AFA795BA-88F1-418F-BD9D-9974D484ACD8}
	EndGlobalSection
EndGlobal
